// !$*UTF8*$!
{
	archiveVersion = 1;
	classes = {
	};
	objectVersion = 50;
	objects = {

/* Begin PBXBuildFile section */
		355E3C4023EDC78C00EE09D7 /* FinalPopUpViewController.swift in Sources */ = {isa = PBXBuildFile; fileRef = 355E3C3F23EDC78C00EE09D7 /* FinalPopUpViewController.swift */; };
		355E3C4223EDCC8C00EE09D7 /* StartViewController.swift in Sources */ = {isa = PBXBuildFile; fileRef = 355E3C4123EDCC8C00EE09D7 /* StartViewController.swift */; };
		35A4468F23EB4617002FCEDF /* AppDelegate.swift in Sources */ = {isa = PBXBuildFile; fileRef = 35A4468E23EB4617002FCEDF /* AppDelegate.swift */; };
		35A4469123EB4617002FCEDF /* SceneDelegate.swift in Sources */ = {isa = PBXBuildFile; fileRef = 35A4469023EB4617002FCEDF /* SceneDelegate.swift */; };
		35A4469323EB4617002FCEDF /* GameViewController.swift in Sources */ = {isa = PBXBuildFile; fileRef = 35A4469223EB4617002FCEDF /* GameViewController.swift */; };
		35A4469623EB4617002FCEDF /* Main.storyboard in Resources */ = {isa = PBXBuildFile; fileRef = 35A4469423EB4617002FCEDF /* Main.storyboard */; };
		35A4469823EB4617002FCEDF /* Assets.xcassets in Resources */ = {isa = PBXBuildFile; fileRef = 35A4469723EB4617002FCEDF /* Assets.xcassets */; };
		35A4469B23EB4617002FCEDF /* LaunchScreen.storyboard in Resources */ = {isa = PBXBuildFile; fileRef = 35A4469923EB4617002FCEDF /* LaunchScreen.storyboard */; };
		35A446A823ECB2D1002FCEDF /* RandomIntAPI.swift in Sources */ = {isa = PBXBuildFile; fileRef = 35A446A723ECB2D1002FCEDF /* RandomIntAPI.swift */; };
		35A446AE23ECCFD1002FCEDF /* MasterMindManager.swift in Sources */ = {isa = PBXBuildFile; fileRef = 35A446AD23ECCFD1002FCEDF /* MasterMindManager.swift */; };
/* End PBXBuildFile section */

/* Begin PBXFileReference section */
		355E3C3F23EDC78C00EE09D7 /* FinalPopUpViewController.swift */ = {isa = PBXFileReference; lastKnownFileType = sourcecode.swift; path = FinalPopUpViewController.swift; sourceTree = "<group>"; };
		355E3C4123EDCC8C00EE09D7 /* StartViewController.swift */ = {isa = PBXFileReference; lastKnownFileType = sourcecode.swift; path = StartViewController.swift; sourceTree = "<group>"; };
		35A4468B23EB4617002FCEDF /* MasterMind.app */ = {isa = PBXFileReference; explicitFileType = wrapper.application; includeInIndex = 0; path = MasterMind.app; sourceTree = BUILT_PRODUCTS_DIR; };
		35A4468E23EB4617002FCEDF /* AppDelegate.swift */ = {isa = PBXFileReference; lastKnownFileType = sourcecode.swift; path = AppDelegate.swift; sourceTree = "<group>"; };
		35A4469023EB4617002FCEDF /* SceneDelegate.swift */ = {isa = PBXFileReference; lastKnownFileType = sourcecode.swift; path = SceneDelegate.swift; sourceTree = "<group>"; };
		35A4469223EB4617002FCEDF /* GameViewController.swift */ = {isa = PBXFileReference; lastKnownFileType = sourcecode.swift; path = GameViewController.swift; sourceTree = "<group>"; };
		35A4469523EB4617002FCEDF /* Base */ = {isa = PBXFileReference; lastKnownFileType = file.storyboard; name = Base; path = Base.lproj/Main.storyboard; sourceTree = "<group>"; };
		35A4469723EB4617002FCEDF /* Assets.xcassets */ = {isa = PBXFileReference; lastKnownFileType = folder.assetcatalog; path = Assets.xcassets; sourceTree = "<group>"; };
		35A4469A23EB4617002FCEDF /* Base */ = {isa = PBXFileReference; lastKnownFileType = file.storyboard; name = Base; path = Base.lproj/LaunchScreen.storyboard; sourceTree = "<group>"; };
		35A4469C23EB4617002FCEDF /* Info.plist */ = {isa = PBXFileReference; lastKnownFileType = text.plist.xml; path = Info.plist; sourceTree = "<group>"; };
		35A446A723ECB2D1002FCEDF /* RandomIntAPI.swift */ = {isa = PBXFileReference; lastKnownFileType = sourcecode.swift; path = RandomIntAPI.swift; sourceTree = "<group>"; };
		35A446AD23ECCFD1002FCEDF /* MasterMindManager.swift */ = {isa = PBXFileReference; lastKnownFileType = sourcecode.swift; path = MasterMindManager.swift; sourceTree = "<group>"; };
/* End PBXFileReference section */

/* Begin PBXFrameworksBuildPhase section */
		35A4468823EB4617002FCEDF /* Frameworks */ = {
			isa = PBXFrameworksBuildPhase;
			buildActionMask = 2147483647;
			files = (
			);
			runOnlyForDeploymentPostprocessing = 0;
		};
/* End PBXFrameworksBuildPhase section */

/* Begin PBXGroup section */
		35A4468223EB4617002FCEDF = {
			isa = PBXGroup;
			children = (
				35A4468D23EB4617002FCEDF /* MasterMind */,
				35A4468C23EB4617002FCEDF /* Products */,
			);
			sourceTree = "<group>";
		};
		35A4468C23EB4617002FCEDF /* Products */ = {
			isa = PBXGroup;
			children = (
				35A4468B23EB4617002FCEDF /* MasterMind.app */,
			);
			name = Products;
			sourceTree = "<group>";
		};
		35A4468D23EB4617002FCEDF /* MasterMind */ = {
			isa = PBXGroup;
			children = (
				35A4468E23EB4617002FCEDF /* AppDelegate.swift */,
				35A4469023EB4617002FCEDF /* SceneDelegate.swift */,
				35A446A423EB473F002FCEDF /* Model */,
				35A446A323EB4733002FCEDF /* View */,
				35A446A223EB4724002FCEDF /* Controller */,
				35A4469723EB4617002FCEDF /* Assets.xcassets */,
				35A4469923EB4617002FCEDF /* LaunchScreen.storyboard */,
				35A4469C23EB4617002FCEDF /* Info.plist */,
			);
			path = MasterMind;
			sourceTree = "<group>";
		};
		35A446A223EB4724002FCEDF /* Controller */ = {
			isa = PBXGroup;
			children = (
				35A4469223EB4617002FCEDF /* GameViewController.swift */,
				355E3C3F23EDC78C00EE09D7 /* FinalPopUpViewController.swift */,
				355E3C4123EDCC8C00EE09D7 /* StartViewController.swift */,
			);
			path = Controller;
			sourceTree = "<group>";
		};
		35A446A323EB4733002FCEDF /* View */ = {
			isa = PBXGroup;
			children = (
				35A4469423EB4617002FCEDF /* Main.storyboard */,
			);
			path = View;
			sourceTree = "<group>";
		};
		35A446A423EB473F002FCEDF /* Model */ = {
			isa = PBXGroup;
			children = (
				35A446A723ECB2D1002FCEDF /* RandomIntAPI.swift */,
				35A446AD23ECCFD1002FCEDF /* MasterMindManager.swift */,
			);
			path = Model;
			sourceTree = "<group>";
		};
/* End PBXGroup section */

/* Begin PBXNativeTarget section */
		35A4468A23EB4617002FCEDF /* MasterMind */ = {
			isa = PBXNativeTarget;
			buildConfigurationList = 35A4469F23EB4617002FCEDF /* Build configuration list for PBXNativeTarget "MasterMind" */;
			buildPhases = (
				35A4468723EB4617002FCEDF /* Sources */,
				35A4468823EB4617002FCEDF /* Frameworks */,
				35A4468923EB4617002FCEDF /* Resources */,
			);
			buildRules = (
			);
			dependencies = (
			);
			name = MasterMind;
			productName = MasterMind;
			productReference = 35A4468B23EB4617002FCEDF /* MasterMind.app */;
			productType = "com.apple.product-type.application";
		};
/* End PBXNativeTarget section */

/* Begin PBXProject section */
		35A4468323EB4617002FCEDF /* Project object */ = {
			isa = PBXProject;
			attributes = {
				LastSwiftUpdateCheck = 1130;
				LastUpgradeCheck = 1130;
				ORGANIZATIONNAME = "jeffrey chiang";
				TargetAttributes = {
					35A4468A23EB4617002FCEDF = {
						CreatedOnToolsVersion = 11.3.1;
					};
				};
			};
			buildConfigurationList = 35A4468623EB4617002FCEDF /* Build configuration list for PBXProject "MasterMind" */;
			compatibilityVersion = "Xcode 9.3";
			developmentRegion = en;
			hasScannedForEncodings = 0;
			knownRegions = (
				en,
				Base,
			);
			mainGroup = 35A4468223EB4617002FCEDF;
			productRefGroup = 35A4468C23EB4617002FCEDF /* Products */;
			projectDirPath = "";
			projectRoot = "";
			targets = (
				35A4468A23EB4617002FCEDF /* MasterMind */,
			);
		};
/* End PBXProject section */

/* Begin PBXResourcesBuildPhase section */
		35A4468923EB4617002FCEDF /* Resources */ = {
			isa = PBXResourcesBuildPhase;
			buildActionMask = 2147483647;
			files = (
				35A4469B23EB4617002FCEDF /* LaunchScreen.storyboard in Resources */,
				35A4469823EB4617002FCEDF /* Assets.xcassets in Resources */,
				35A4469623EB4617002FCEDF /* Main.storyboard in Resources */,
			);
			runOnlyForDeploymentPostprocessing = 0;
		};
/* End PBXResourcesBuildPhase section */

/* Begin PBXSourcesBuildPhase section */
		35A4468723EB4617002FCEDF /* Sources */ = {
			isa = PBXSourcesBuildPhase;
			buildActionMask = 2147483647;
			files = (
				355E3C4023EDC78C00EE09D7 /* FinalPopUpViewController.swift in Sources */,
				355E3C4223EDCC8C00EE09D7 /* StartViewController.swift in Sources */,
				35A4469323EB4617002FCEDF /* GameViewController.swift in Sources */,
				35A4468F23EB4617002FCEDF /* AppDelegate.swift in Sources */,
				35A4469123EB4617002FCEDF /* SceneDelegate.swift in Sources */,
				35A446A823ECB2D1002FCEDF /* RandomIntAPI.swift in Sources */,
				35A446AE23ECCFD1002FCEDF /* MasterMindManager.swift in Sources */,
			);
			runOnlyForDeploymentPostprocessing = 0;
		};
/* End PBXSourcesBuildPhase section */

/* Begin PBXVariantGroup section */
		35A4469423EB4617002FCEDF /* Main.storyboard */ = {
			isa = PBXVariantGroup;
			children = (
				35A4469523EB4617002FCEDF /* Base */,
			);
			name = Main.storyboard;
			sourceTree = "<group>";
		};
		35A4469923EB4617002FCEDF /* LaunchScreen.storyboard */ = {
			isa = PBXVariantGroup;
			children = (
				35A4469A23EB4617002FCEDF /* Base */,
			);
			name = LaunchScreen.storyboard;
			sourceTree = "<group>";
		};
/* End PBXVariantGroup section */

/* Begin XCBuildConfiguration section */
		35A4469D23EB4617002FCEDF /* Debug */ = {
			isa = XCBuildConfiguration;
			buildSettings = {
				ALWAYS_SEARCH_USER_PATHS = NO;
				CLANG_ANALYZER_NONNULL = YES;
				CLANG_ANALYZER_NUMBER_OBJECT_CONVERSION = YES_AGGRESSIVE;
				CLANG_CXX_LANGUAGE_STANDARD = "gnu++14";
				CLANG_CXX_LIBRARY = "libc++";
				CLANG_ENABLE_MODULES = YES;
				CLANG_ENABLE_OBJC_ARC = YES;
				CLANG_ENABLE_OBJC_WEAK = YES;
				CLANG_WARN_BLOCK_CAPTURE_AUTORELEASING = YES;
				CLANG_WARN_BOOL_CONVERSION = YES;
				CLANG_WARN_COMMA = YES;
				CLANG_WARN_CONSTANT_CONVERSION = YES;
				CLANG_WARN_DEPRECATED_OBJC_IMPLEMENTATIONS = YES;
				CLANG_WARN_DIRECT_OBJC_ISA_USAGE = YES_ERROR;
				CLANG_WARN_DOCUMENTATION_COMMENTS = YES;
				CLANG_WARN_EMPTY_BODY = YES;
				CLANG_WARN_ENUM_CONVERSION = YES;
				CLANG_WARN_INFINITE_RECURSION = YES;
				CLANG_WARN_INT_CONVERSION = YES;
				CLANG_WARN_NON_LITERAL_NULL_CONVERSION = YES;
				CLANG_WARN_OBJC_IMPLICIT_RETAIN_SELF = YES;
				CLANG_WARN_OBJC_LITERAL_CONVERSION = YES;
				CLANG_WARN_OBJC_ROOT_CLASS = YES_ERROR;
				CLANG_WARN_RANGE_LOOP_ANALYSIS = YES;
				CLANG_WARN_STRICT_PROTOTYPES = YES;
				CLANG_WARN_SUSPICIOUS_MOVE = YES;
				CLANG_WARN_UNGUARDED_AVAILABILITY = YES_AGGRESSIVE;
				CLANG_WARN_UNREACHABLE_CODE = YES;
				CLANG_WARN__DUPLICATE_METHOD_MATCH = YES;
				COPY_PHASE_STRIP = NO;
				DEBUG_INFORMATION_FORMAT = dwarf;
				ENABLE_STRICT_OBJC_MSGSEND = YES;
				ENABLE_TESTABILITY = YES;
				GCC_C_LANGUAGE_STANDARD = gnu11;
				GCC_DYNAMIC_NO_PIC = NO;
				GCC_NO_COMMON_BLOCKS = YES;
				GCC_OPTIMIZATION_LEVEL = 0;
				GCC_PREPROCESSOR_DEFINITIONS = (
					"DEBUG=1",
					"$(inherited)",
				);
				GCC_WARN_64_TO_32_BIT_CONVERSION = YES;
				GCC_WARN_ABOUT_RETURN_TYPE = YES_ERROR;
				GCC_WARN_UNDECLARED_SELECTOR = YES;
				GCC_WARN_UNINITIALIZED_AUTOS = YES_AGGRESSIVE;
				GCC_WARN_UNUSED_FUNCTION = YES;
				GCC_WARN_UNUSED_VARIABLE = YES;
				IPHONEOS_DEPLOYMENT_TARGET = 13.2;
				MTL_ENABLE_DEBUG_INFO = INCLUDE_SOURCE;
				MTL_FAST_MATH = YES;
				ONLY_ACTIVE_ARCH = YES;
				SDKROOT = iphoneos;
				SWIFT_ACTIVE_COMPILATION_CONDITIONS = DEBUG;
				SWIFT_OPTIMIZATION_LEVEL = "-Onone";
			};
			name = Debug;
		};
		35A4469E23EB4617002FCEDF /* Release */ = {
			isa = XCBuildConfiguration;
			buildSettings = {
				ALWAYS_SEARCH_USER_PATHS = NO;
				CLANG_ANALYZER_NONNULL = YES;
				CLANG_ANALYZER_NUMBER_OBJECT_CONVERSION = YES_AGGRESSIVE;
				CLANG_CXX_LANGUAGE_STANDARD = "gnu++14";
				CLANG_CXX_LIBRARY = "libc++";
				CLANG_ENABLE_MODULES = YES;
				CLANG_ENABLE_OBJC_ARC = YES;
				CLANG_ENABLE_OBJC_WEAK = YES;
				CLANG_WARN_BLOCK_CAPTURE_AUTORELEASING = YES;
				CLANG_WARN_BOOL_CONVERSION = YES;
				CLANG_WARN_COMMA = YES;
				CLANG_WARN_CONSTANT_CONVERSION = YES;
				CLANG_WARN_DEPRECATED_OBJC_IMPLEMENTATIONS = YES;
				CLANG_WARN_DIRECT_OBJC_ISA_USAGE = YES_ERROR;
				CLANG_WARN_DOCUMENTATION_COMMENTS = YES;
				CLANG_WARN_EMPTY_BODY = YES;
				CLANG_WARN_ENUM_CONVERSION = YES;
				CLANG_WARN_INFINITE_RECURSION = YES;
				CLANG_WARN_INT_CONVERSION = YES;
				CLANG_WARN_NON_LITERAL_NULL_CONVERSION = YES;
				CLANG_WARN_OBJC_IMPLICIT_RETAIN_SELF = YES;
				CLANG_WARN_OBJC_LITERAL_CONVERSION = YES;
				CLANG_WARN_OBJC_ROOT_CLASS = YES_ERROR;
				CLANG_WARN_RANGE_LOOP_ANALYSIS = YES;
				CLANG_WARN_STRICT_PROTOTYPES = YES;
				CLANG_WARN_SUSPICIOUS_MOVE = YES;
				CLANG_WARN_UNGUARDED_AVAILABILITY = YES_AGGRESSIVE;
				CLANG_WARN_UNREACHABLE_CODE = YES;
				CLANG_WARN__DUPLICATE_METHOD_MATCH = YES;
				COPY_PHASE_STRIP = NO;
				DEBUG_INFORMATION_FORMAT = "dwarf-with-dsym";
				ENABLE_NS_ASSERTIONS = NO;
				ENABLE_STRICT_OBJC_MSGSEND = YES;
				GCC_C_LANGUAGE_STANDARD = gnu11;
				GCC_NO_COMMON_BLOCKS = YES;
				GCC_WARN_64_TO_32_BIT_CONVERSION = YES;
				GCC_WARN_ABOUT_RETURN_TYPE = YES_ERROR;
				GCC_WARN_UNDECLARED_SELECTOR = YES;
				GCC_WARN_UNINITIALIZED_AUTOS = YES_AGGRESSIVE;
				GCC_WARN_UNUSED_FUNCTION = YES;
				GCC_WARN_UNUSED_VARIABLE = YES;
				IPHONEOS_DEPLOYMENT_TARGET = 13.2;
				MTL_ENABLE_DEBUG_INFO = NO;
				MTL_FAST_MATH = YES;
				SDKROOT = iphoneos;
				SWIFT_COMPILATION_MODE = wholemodule;
				SWIFT_OPTIMIZATION_LEVEL = "-O";
				VALIDATE_PRODUCT = YES;
			};
			name = Release;
		};
		35A446A023EB4617002FCEDF /* Debug */ = {
			isa = XCBuildConfiguration;
			buildSettings = {
				ASSETCATALOG_COMPILER_APPICON_NAME = AppIcon;
				CODE_SIGN_STYLE = Automatic;
				DEVELOPMENT_TEAM = 37SYLUBRJT;
				INFOPLIST_FILE = MasterMind/Info.plist;
				LD_RUNPATH_SEARCH_PATHS = (
					"$(inherited)",
					"@executable_path/Frameworks",
				);
				PRODUCT_BUNDLE_IDENTIFIER = JCTGY.MasterMind;
				PRODUCT_NAME = "$(TARGET_NAME)";
				SWIFT_VERSION = 5.0;
				TARGETED_DEVICE_FAMILY = "1,2";
			};
			name = Debug;
		};
		35A446A123EB4617002FCEDF /* Release */ = {
			isa = XCBuildConfiguration;
			buildSettings = {
				ASSETCATALOG_COMPILER_APPICON_NAME = AppIcon;
				CODE_SIGN_STYLE = Automatic;
				DEVELOPMENT_TEAM = 37SYLUBRJT;
				INFOPLIST_FILE = MasterMind/Info.plist;
				LD_RUNPATH_SEARCH_PATHS = (
					"$(inherited)",
					"@executable_path/Frameworks",
				);
				PRODUCT_BUNDLE_IDENTIFIER = JCTGY.MasterMind;
				PRODUCT_NAME = "$(TARGET_NAME)";
				SWIFT_VERSION = 5.0;
				TARGETED_DEVICE_FAMILY = "1,2";
			};
			name = Release;
		};
/* End XCBuildConfiguration section */

/* Begin XCConfigurationList section */
		35A4468623EB4617002FCEDF /* Build configuration list for PBXProject "MasterMind" */ = {
			isa = XCConfigurationList;
			buildConfigurations = (
				35A4469D23EB4617002FCEDF /* Debug */,
				35A4469E23EB4617002FCEDF /* Release */,
			);
			defaultConfigurationIsVisible = 0;
			defaultConfigurationName = Release;
		};
		35A4469F23EB4617002FCEDF /* Build configuration list for PBXNativeTarget "MasterMind" */ = {
			isa = XCConfigurationList;
			buildConfigurations = (
				35A446A023EB4617002FCEDF /* Debug */,
				35A446A123EB4617002FCEDF /* Release */,
			);
			defaultConfigurationIsVisible = 0;
			defaultConfigurationName = Release;
		};
/* End XCConfigurationList section */
	};
	rootObject = 35A4468323EB4617002FCEDF /* Project object */;
}
