// !$*UTF8*$!
{
	archiveVersion = 1;
	classes = {
	};
	objectVersion = 50;
	objects = {

/* Begin PBXBuildFile section */
		355E3C4023EDC78C00EE09D7 /* FinalPopUpViewController.swift in Sources */ = {isa = PBXBuildFile; fileRef = 355E3C3F23EDC78C00EE09D7 /* FinalPopUpViewController.swift */; };
		355E3C4223EDCC8C00EE09D7 /* StartViewController.swift in Sources */ = {isa = PBXBuildFile; fileRef = 355E3C4123EDCC8C00EE09D7 /* StartViewController.swift */; };
		355E3C4423EE57D300EE09D7 /* GameResult.swift in Sources */ = {isa = PBXBuildFile; fileRef = 355E3C4323EE57D300EE09D7 /* GameResult.swift */; };
		355E3C4623EE787E00EE09D7 /* ScoreCalulate.swift in Sources */ = {isa = PBXBuildFile; fileRef = 355E3C4523EE787E00EE09D7 /* ScoreCalulate.swift */; };
		355E3C4A23EF31ED00EE09D7 /* ruleViewController.swift in Sources */ = {isa = PBXBuildFile; fileRef = 355E3C4923EF31ED00EE09D7 /* ruleViewController.swift */; };
		355E3C4C23EF62A200EE09D7 /* stopPopUpViewController.swift in Sources */ = {isa = PBXBuildFile; fileRef = 355E3C4B23EF62A200EE09D7 /* stopPopUpViewController.swift */; };
		355E3C4E23EF84E600EE09D7 /* GameSound.swift in Sources */ = {isa = PBXBuildFile; fileRef = 355E3C4D23EF84E600EE09D7 /* GameSound.swift */; };
		355E3C6323EFBAC000EE09D7 /* MasterMindTests.swift in Sources */ = {isa = PBXBuildFile; fileRef = 355E3C6223EFBAC000EE09D7 /* MasterMindTests.swift */; };
		355E3C6B23EFC45500EE09D7 /* Background.mp3 in Resources */ = {isa = PBXBuildFile; fileRef = 355E3C6A23EFC45500EE09D7 /* Background.mp3 */; };
		355E3C6D23EFC47F00EE09D7 /* playerSelect.wav in Resources */ = {isa = PBXBuildFile; fileRef = 355E3C6C23EFC47F00EE09D7 /* playerSelect.wav */; };
		355E3C6F23EFC49F00EE09D7 /* playerDeselect.wav in Resources */ = {isa = PBXBuildFile; fileRef = 355E3C6E23EFC49F00EE09D7 /* playerDeselect.wav */; };
		355E3C7123EFC4B100EE09D7 /* submit.wav in Resources */ = {isa = PBXBuildFile; fileRef = 355E3C7023EFC4B100EE09D7 /* submit.wav */; };
		35A4468F23EB4617002FCEDF /* AppDelegate.swift in Sources */ = {isa = PBXBuildFile; fileRef = 35A4468E23EB4617002FCEDF /* AppDelegate.swift */; };
		35A4469123EB4617002FCEDF /* SceneDelegate.swift in Sources */ = {isa = PBXBuildFile; fileRef = 35A4469023EB4617002FCEDF /* SceneDelegate.swift */; };
		35A4469323EB4617002FCEDF /* GameViewController.swift in Sources */ = {isa = PBXBuildFile; fileRef = 35A4469223EB4617002FCEDF /* GameViewController.swift */; };
		35A4469623EB4617002FCEDF /* Main.storyboard in Resources */ = {isa = PBXBuildFile; fileRef = 35A4469423EB4617002FCEDF /* Main.storyboard */; };
		35A4469823EB4617002FCEDF /* Assets.xcassets in Resources */ = {isa = PBXBuildFile; fileRef = 35A4469723EB4617002FCEDF /* Assets.xcassets */; };
		35A4469B23EB4617002FCEDF /* LaunchScreen.storyboard in Resources */ = {isa = PBXBuildFile; fileRef = 35A4469923EB4617002FCEDF /* LaunchScreen.storyboard */; };
		35A446A823ECB2D1002FCEDF /* RandomIntAPI.swift in Sources */ = {isa = PBXBuildFile; fileRef = 35A446A723ECB2D1002FCEDF /* RandomIntAPI.swift */; };
		35A446AE23ECCFD1002FCEDF /* MasterMindManager.swift in Sources */ = {isa = PBXBuildFile; fileRef = 35A446AD23ECCFD1002FCEDF /* MasterMindManager.swift */; };
/* End PBXBuildFile section */

/* Begin PBXContainerItemProxy section */
		355E3C6523EFBAC000EE09D7 /* PBXContainerItemProxy */ = {
			isa = PBXContainerItemProxy;
			containerPortal = 35A4468323EB4617002FCEDF /* Project object */;
			proxyType = 1;
			remoteGlobalIDString = 35A4468A23EB4617002FCEDF;
			remoteInfo = MasterMind;
		};
/* End PBXContainerItemProxy section */

/* Begin PBXFileReference section */
		355E3C3F23EDC78C00EE09D7 /* FinalPopUpViewController.swift */ = {isa = PBXFileReference; lastKnownFileType = sourcecode.swift; path = FinalPopUpViewController.swift; sourceTree = "<group>"; };
		355E3C4123EDCC8C00EE09D7 /* StartViewController.swift */ = {isa = PBXFileReference; lastKnownFileType = sourcecode.swift; path = StartViewController.swift; sourceTree = "<group>"; };
		355E3C4323EE57D300EE09D7 /* GameResult.swift */ = {isa = PBXFileReference; lastKnownFileType = sourcecode.swift; path = GameResult.swift; sourceTree = "<group>"; };
		355E3C4523EE787E00EE09D7 /* ScoreCalulate.swift */ = {isa = PBXFileReference; lastKnownFileType = sourcecode.swift; path = ScoreCalulate.swift; sourceTree = "<group>"; };
		355E3C4923EF31ED00EE09D7 /* ruleViewController.swift */ = {isa = PBXFileReference; lastKnownFileType = sourcecode.swift; path = ruleViewController.swift; sourceTree = "<group>"; };
		355E3C4B23EF62A200EE09D7 /* stopPopUpViewController.swift */ = {isa = PBXFileReference; lastKnownFileType = sourcecode.swift; path = stopPopUpViewController.swift; sourceTree = "<group>"; };
		355E3C4D23EF84E600EE09D7 /* GameSound.swift */ = {isa = PBXFileReference; lastKnownFileType = sourcecode.swift; path = GameSound.swift; sourceTree = "<group>"; };
		355E3C6023EFBAC000EE09D7 /* MasterMindTests.xctest */ = {isa = PBXFileReference; explicitFileType = wrapper.cfbundle; includeInIndex = 0; path = MasterMindTests.xctest; sourceTree = BUILT_PRODUCTS_DIR; };
		355E3C6223EFBAC000EE09D7 /* MasterMindTests.swift */ = {isa = PBXFileReference; lastKnownFileType = sourcecode.swift; path = MasterMindTests.swift; sourceTree = "<group>"; };
		355E3C6423EFBAC000EE09D7 /* Info.plist */ = {isa = PBXFileReference; lastKnownFileType = text.plist.xml; path = Info.plist; sourceTree = "<group>"; };
		355E3C6A23EFC45500EE09D7 /* Background.mp3 */ = {isa = PBXFileReference; lastKnownFileType = audio.mp3; path = Background.mp3; sourceTree = "<group>"; };
		355E3C6C23EFC47F00EE09D7 /* playerSelect.wav */ = {isa = PBXFileReference; lastKnownFileType = audio.wav; path = playerSelect.wav; sourceTree = "<group>"; };
		355E3C6E23EFC49F00EE09D7 /* playerDeselect.wav */ = {isa = PBXFileReference; lastKnownFileType = audio.wav; path = playerDeselect.wav; sourceTree = "<group>"; };
		355E3C7023EFC4B100EE09D7 /* submit.wav */ = {isa = PBXFileReference; lastKnownFileType = audio.wav; path = submit.wav; sourceTree = "<group>"; };
		35A4468B23EB4617002FCEDF /* MasterMind.app */ = {isa = PBXFileReference; explicitFileType = wrapper.application; includeInIndex = 0; path = MasterMind.app; sourceTree = BUILT_PRODUCTS_DIR; };
		35A4468E23EB4617002FCEDF /* AppDelegate.swift */ = {isa = PBXFileReference; lastKnownFileType = sourcecode.swift; path = AppDelegate.swift; sourceTree = "<group>"; };
		35A4469023EB4617002FCEDF /* SceneDelegate.swift */ = {isa = PBXFileReference; lastKnownFileType = sourcecode.swift; path = SceneDelegate.swift; sourceTree = "<group>"; };
		35A4469223EB4617002FCEDF /* GameViewController.swift */ = {isa = PBXFileReference; lastKnownFileType = sourcecode.swift; path = GameViewController.swift; sourceTree = "<group>"; };
		35A4469523EB4617002FCEDF /* Base */ = {isa = PBXFileReference; lastKnownFileType = file.storyboard; name = Base; path = Base.lproj/Main.storyboard; sourceTree = "<group>"; };
		35A4469723EB4617002FCEDF /* Assets.xcassets */ = {isa = PBXFileReference; lastKnownFileType = folder.assetcatalog; path = Assets.xcassets; sourceTree = "<group>"; };
		35A4469A23EB4617002FCEDF /* Base */ = {isa = PBXFileReference; lastKnownFileType = file.storyboard; name = Base; path = Base.lproj/LaunchScreen.storyboard; sourceTree = "<group>"; };
		35A4469C23EB4617002FCEDF /* Info.plist */ = {isa = PBXFileReference; lastKnownFileType = text.plist.xml; path = Info.plist; sourceTree = "<group>"; };
		35A446A723ECB2D1002FCEDF /* RandomIntAPI.swift */ = {isa = PBXFileReference; lastKnownFileType = sourcecode.swift; path = RandomIntAPI.swift; sourceTree = "<group>"; };
		35A446AD23ECCFD1002FCEDF /* MasterMindManager.swift */ = {isa = PBXFileReference; lastKnownFileType = sourcecode.swift; path = MasterMindManager.swift; sourceTree = "<group>"; };
/* End PBXFileReference section */

/* Begin PBXFrameworksBuildPhase section */
		355E3C5D23EFBAC000EE09D7 /* Frameworks */ = {
			isa = PBXFrameworksBuildPhase;
			buildActionMask = 2147483647;
			files = (
			);
			runOnlyForDeploymentPostprocessing = 0;
		};
		35A4468823EB4617002FCEDF /* Frameworks */ = {
			isa = PBXFrameworksBuildPhase;
			buildActionMask = 2147483647;
			files = (
			);
			runOnlyForDeploymentPostprocessing = 0;
		};
/* End PBXFrameworksBuildPhase section */

/* Begin PBXGroup section */
		355E3C4F23EF8FC500EE09D7 /* Sound */ = {
			isa = PBXGroup;
			children = (
				355E3C6C23EFC47F00EE09D7 /* playerSelect.wav */,
				355E3C6E23EFC49F00EE09D7 /* playerDeselect.wav */,
				355E3C6A23EFC45500EE09D7 /* Background.mp3 */,
				355E3C7023EFC4B100EE09D7 /* submit.wav */,
			);
			path = Sound;
			sourceTree = "<group>";
		};
		355E3C6123EFBAC000EE09D7 /* MasterMindTests */ = {
			isa = PBXGroup;
			children = (
				355E3C6223EFBAC000EE09D7 /* MasterMindTests.swift */,
				355E3C6423EFBAC000EE09D7 /* Info.plist */,
			);
			path = MasterMindTests;
			sourceTree = "<group>";
		};
		35A4468223EB4617002FCEDF = {
			isa = PBXGroup;
			children = (
				35A4468D23EB4617002FCEDF /* MasterMind */,
				355E3C6123EFBAC000EE09D7 /* MasterMindTests */,
				35A4468C23EB4617002FCEDF /* Products */,
			);
			sourceTree = "<group>";
		};
		35A4468C23EB4617002FCEDF /* Products */ = {
			isa = PBXGroup;
			children = (
				35A4468B23EB4617002FCEDF /* MasterMind.app */,
				355E3C6023EFBAC000EE09D7 /* MasterMindTests.xctest */,
			);
			name = Products;
			sourceTree = "<group>";
		};
		35A4468D23EB4617002FCEDF /* MasterMind */ = {
			isa = PBXGroup;
			children = (
				35A4468E23EB4617002FCEDF /* AppDelegate.swift */,
				35A4469023EB4617002FCEDF /* SceneDelegate.swift */,
				35A446A423EB473F002FCEDF /* Model */,
				35A446A323EB4733002FCEDF /* View */,
				35A446A223EB4724002FCEDF /* Controller */,
				355E3C4F23EF8FC500EE09D7 /* Sound */,
				35A4469723EB4617002FCEDF /* Assets.xcassets */,
				35A4469923EB4617002FCEDF /* LaunchScreen.storyboard */,
				35A4469C23EB4617002FCEDF /* Info.plist */,
			);
			path = MasterMind;
			sourceTree = "<group>";
		};
		35A446A223EB4724002FCEDF /* Controller */ = {
			isa = PBXGroup;
			children = (
				35A4469223EB4617002FCEDF /* GameViewController.swift */,
				355E3C3F23EDC78C00EE09D7 /* FinalPopUpViewController.swift */,
				355E3C4123EDCC8C00EE09D7 /* StartViewController.swift */,
				355E3C4923EF31ED00EE09D7 /* ruleViewController.swift */,
				355E3C4B23EF62A200EE09D7 /* stopPopUpViewController.swift */,
			);
			path = Controller;
			sourceTree = "<group>";
		};
		35A446A323EB4733002FCEDF /* View */ = {
			isa = PBXGroup;
			children = (
				35A4469423EB4617002FCEDF /* Main.storyboard */,
			);
			path = View;
			sourceTree = "<group>";
		};
		35A446A423EB473F002FCEDF /* Model */ = {
			isa = PBXGroup;
			children = (
				35A446A723ECB2D1002FCEDF /* RandomIntAPI.swift */,
				35A446AD23ECCFD1002FCEDF /* MasterMindManager.swift */,
				355E3C4323EE57D300EE09D7 /* GameResult.swift */,
				355E3C4523EE787E00EE09D7 /* ScoreCalulate.swift */,
				355E3C4D23EF84E600EE09D7 /* GameSound.swift */,
			);
			path = Model;
			sourceTree = "<group>";
		};
/* End PBXGroup section */

/* Begin PBXNativeTarget section */
		355E3C5F23EFBAC000EE09D7 /* MasterMindTests */ = {
			isa = PBXNativeTarget;
			buildConfigurationList = 355E3C6723EFBAC000EE09D7 /* Build configuration list for PBXNativeTarget "MasterMindTests" */;
			buildPhases = (
				355E3C5C23EFBAC000EE09D7 /* Sources */,
				355E3C5D23EFBAC000EE09D7 /* Frameworks */,
				355E3C5E23EFBAC000EE09D7 /* Resources */,
			);
			buildRules = (
			);
			dependencies = (
				355E3C6623EFBAC000EE09D7 /* PBXTargetDependency */,
			);
			name = MasterMindTests;
			productName = MasterMindTests;
			productReference = 355E3C6023EFBAC000EE09D7 /* MasterMindTests.xctest */;
			productType = "com.apple.product-type.bundle.unit-test";
		};
		35A4468A23EB4617002FCEDF /* MasterMind */ = {
			isa = PBXNativeTarget;
			buildConfigurationList = 35A4469F23EB4617002FCEDF /* Build configuration list for PBXNativeTarget "MasterMind" */;
			buildPhases = (
				35A4468723EB4617002FCEDF /* Sources */,
				35A4468823EB4617002FCEDF /* Frameworks */,
				35A4468923EB4617002FCEDF /* Resources */,
			);
			buildRules = (
			);
			dependencies = (
			);
			name = MasterMind;
			productName = MasterMind;
			productReference = 35A4468B23EB4617002FCEDF /* MasterMind.app */;
			productType = "com.apple.product-type.application";
		};
/* End PBXNativeTarget section */

/* Begin PBXProject section */
		35A4468323EB4617002FCEDF /* Project object */ = {
			isa = PBXProject;
			attributes = {
				LastSwiftUpdateCheck = 1130;
				LastUpgradeCheck = 1130;
				ORGANIZATIONNAME = "jeffrey chiang";
				TargetAttributes = {
					355E3C5F23EFBAC000EE09D7 = {
						CreatedOnToolsVersion = 11.3.1;
						TestTargetID = 35A4468A23EB4617002FCEDF;
					};
					35A4468A23EB4617002FCEDF = {
						CreatedOnToolsVersion = 11.3.1;
					};
				};
			};
			buildConfigurationList = 35A4468623EB4617002FCEDF /* Build configuration list for PBXProject "MasterMind" */;
			compatibilityVersion = "Xcode 9.3";
			developmentRegion = en;
			hasScannedForEncodings = 0;
			knownRegions = (
				en,
				Base,
			);
			mainGroup = 35A4468223EB4617002FCEDF;
			productRefGroup = 35A4468C23EB4617002FCEDF /* Products */;
			projectDirPath = "";
			projectRoot = "";
			targets = (
				35A4468A23EB4617002FCEDF /* MasterMind */,
				355E3C5F23EFBAC000EE09D7 /* MasterMindTests */,
			);
		};
/* End PBXProject section */

/* Begin PBXResourcesBuildPhase section */
		355E3C5E23EFBAC000EE09D7 /* Resources */ = {
			isa = PBXResourcesBuildPhase;
			buildActionMask = 2147483647;
			files = (
			);
			runOnlyForDeploymentPostprocessing = 0;
		};
		35A4468923EB4617002FCEDF /* Resources */ = {
			isa = PBXResourcesBuildPhase;
			buildActionMask = 2147483647;
			files = (
				355E3C6B23EFC45500EE09D7 /* Background.mp3 in Resources */,
				35A4469B23EB4617002FCEDF /* LaunchScreen.storyboard in Resources */,
				35A4469823EB4617002FCEDF /* Assets.xcassets in Resources */,
				35A4469623EB4617002FCEDF /* Main.storyboard in Resources */,
				355E3C6F23EFC49F00EE09D7 /* playerDeselect.wav in Resources */,
				355E3C7123EFC4B100EE09D7 /* submit.wav in Resources */,
				355E3C6D23EFC47F00EE09D7 /* playerSelect.wav in Resources */,
			);
			runOnlyForDeploymentPostprocessing = 0;
		};
/* End PBXResourcesBuildPhase section */

/* Begin PBXSourcesBuildPhase section */
		355E3C5C23EFBAC000EE09D7 /* Sources */ = {
			isa = PBXSourcesBuildPhase;
			buildActionMask = 2147483647;
			files = (
				355E3C6323EFBAC000EE09D7 /* MasterMindTests.swift in Sources */,
			);
			runOnlyForDeploymentPostprocessing = 0;
		};
		35A4468723EB4617002FCEDF /* Sources */ = {
			isa = PBXSourcesBuildPhase;
			buildActionMask = 2147483647;
			files = (
				355E3C4023EDC78C00EE09D7 /* FinalPopUpViewController.swift in Sources */,
				355E3C4223EDCC8C00EE09D7 /* StartViewController.swift in Sources */,
				355E3C4C23EF62A200EE09D7 /* stopPopUpViewController.swift in Sources */,
				35A4469323EB4617002FCEDF /* GameViewController.swift in Sources */,
				35A4468F23EB4617002FCEDF /* AppDelegate.swift in Sources */,
				355E3C4423EE57D300EE09D7 /* GameResult.swift in Sources */,
				355E3C4A23EF31ED00EE09D7 /* ruleViewController.swift in Sources */,
				35A4469123EB4617002FCEDF /* SceneDelegate.swift in Sources */,
				35A446A823ECB2D1002FCEDF /* RandomIntAPI.swift in Sources */,
				355E3C4E23EF84E600EE09D7 /* GameSound.swift in Sources */,
				355E3C4623EE787E00EE09D7 /* ScoreCalulate.swift in Sources */,
				35A446AE23ECCFD1002FCEDF /* MasterMindManager.swift in Sources */,
			);
			runOnlyForDeploymentPostprocessing = 0;
		};
/* End PBXSourcesBuildPhase section */

/* Begin PBXTargetDependency section */
		355E3C6623EFBAC000EE09D7 /* PBXTargetDependency */ = {
			isa = PBXTargetDependency;
			target = 35A4468A23EB4617002FCEDF /* MasterMind */;
			targetProxy = 355E3C6523EFBAC000EE09D7 /* PBXContainerItemProxy */;
		};
/* End PBXTargetDependency section */

/* Begin PBXVariantGroup section */
		35A4469423EB4617002FCEDF /* Main.storyboard */ = {
			isa = PBXVariantGroup;
			children = (
				35A4469523EB4617002FCEDF /* Base */,
			);
			name = Main.storyboard;
			sourceTree = "<group>";
		};
		35A4469923EB4617002FCEDF /* LaunchScreen.storyboard */ = {
			isa = PBXVariantGroup;
			children = (
				35A4469A23EB4617002FCEDF /* Base */,
			);
			name = LaunchScreen.storyboard;
			sourceTree = "<group>";
		};
/* End PBXVariantGroup section */

/* Begin XCBuildConfiguration section */
		355E3C6823EFBAC000EE09D7 /* Debug */ = {
			isa = XCBuildConfiguration;
			buildSettings = {
				BUNDLE_LOADER = "$(TEST_HOST)";
				CODE_SIGN_STYLE = Automatic;
				DEVELOPMENT_TEAM = 37SYLUBRJT;
				INFOPLIST_FILE = MasterMindTests/Info.plist;
				LD_RUNPATH_SEARCH_PATHS = (
					"$(inherited)",
					"@executable_path/Frameworks",
					"@loader_path/Frameworks",
				);
				PRODUCT_BUNDLE_IDENTIFIER = JCTGY.MasterMindTests;
				PRODUCT_NAME = "$(TARGET_NAME)";
				SWIFT_VERSION = 5.0;
				TARGETED_DEVICE_FAMILY = "1,2";
				TEST_HOST = "$(BUILT_PRODUCTS_DIR)/MasterMind.app/MasterMind";
			};
			name = Debug;
		};
		355E3C6923EFBAC000EE09D7 /* Release */ = {
			isa = XCBuildConfiguration;
			buildSettings = {
				BUNDLE_LOADER = "$(TEST_HOST)";
				CODE_SIGN_STYLE = Automatic;
				DEVELOPMENT_TEAM = 37SYLUBRJT;
				INFOPLIST_FILE = MasterMindTests/Info.plist;
				LD_RUNPATH_SEARCH_PATHS = (
					"$(inherited)",
					"@executable_path/Frameworks",
					"@loader_path/Frameworks",
				);
				PRODUCT_BUNDLE_IDENTIFIER = JCTGY.MasterMindTests;
				PRODUCT_NAME = "$(TARGET_NAME)";
				SWIFT_VERSION = 5.0;
				TARGETED_DEVICE_FAMILY = "1,2";
				TEST_HOST = "$(BUILT_PRODUCTS_DIR)/MasterMind.app/MasterMind";
			};
			name = Release;
		};
		35A4469D23EB4617002FCEDF /* Debug */ = {
			isa = XCBuildConfiguration;
			buildSettings = {
				ALWAYS_SEARCH_USER_PATHS = NO;
				CLANG_ANALYZER_NONNULL = YES;
				CLANG_ANALYZER_NUMBER_OBJECT_CONVERSION = YES_AGGRESSIVE;
				CLANG_CXX_LANGUAGE_STANDARD = "gnu++14";
				CLANG_CXX_LIBRARY = "libc++";
				CLANG_ENABLE_MODULES = YES;
				CLANG_ENABLE_OBJC_ARC = YES;
				CLANG_ENABLE_OBJC_WEAK = YES;
				CLANG_WARN_BLOCK_CAPTURE_AUTORELEASING = YES;
				CLANG_WARN_BOOL_CONVERSION = YES;
				CLANG_WARN_COMMA = YES;
				CLANG_WARN_CONSTANT_CONVERSION = YES;
				CLANG_WARN_DEPRECATED_OBJC_IMPLEMENTATIONS = YES;
				CLANG_WARN_DIRECT_OBJC_ISA_USAGE = YES_ERROR;
				CLANG_WARN_DOCUMENTATION_COMMENTS = YES;
				CLANG_WARN_EMPTY_BODY = YES;
				CLANG_WARN_ENUM_CONVERSION = YES;
				CLANG_WARN_INFINITE_RECURSION = YES;
				CLANG_WARN_INT_CONVERSION = YES;
				CLANG_WARN_NON_LITERAL_NULL_CONVERSION = YES;
				CLANG_WARN_OBJC_IMPLICIT_RETAIN_SELF = YES;
				CLANG_WARN_OBJC_LITERAL_CONVERSION = YES;
				CLANG_WARN_OBJC_ROOT_CLASS = YES_ERROR;
				CLANG_WARN_RANGE_LOOP_ANALYSIS = YES;
				CLANG_WARN_STRICT_PROTOTYPES = YES;
				CLANG_WARN_SUSPICIOUS_MOVE = YES;
				CLANG_WARN_UNGUARDED_AVAILABILITY = YES_AGGRESSIVE;
				CLANG_WARN_UNREACHABLE_CODE = YES;
				CLANG_WARN__DUPLICATE_METHOD_MATCH = YES;
				COPY_PHASE_STRIP = NO;
				DEBUG_INFORMATION_FORMAT = dwarf;
				ENABLE_STRICT_OBJC_MSGSEND = YES;
				ENABLE_TESTABILITY = YES;
				GCC_C_LANGUAGE_STANDARD = gnu11;
				GCC_DYNAMIC_NO_PIC = NO;
				GCC_NO_COMMON_BLOCKS = YES;
				GCC_OPTIMIZATION_LEVEL = 0;
				GCC_PREPROCESSOR_DEFINITIONS = (
					"DEBUG=1",
					"$(inherited)",
				);
				GCC_WARN_64_TO_32_BIT_CONVERSION = YES;
				GCC_WARN_ABOUT_RETURN_TYPE = YES_ERROR;
				GCC_WARN_UNDECLARED_SELECTOR = YES;
				GCC_WARN_UNINITIALIZED_AUTOS = YES_AGGRESSIVE;
				GCC_WARN_UNUSED_FUNCTION = YES;
				GCC_WARN_UNUSED_VARIABLE = YES;
				IPHONEOS_DEPLOYMENT_TARGET = 13.2;
				MTL_ENABLE_DEBUG_INFO = INCLUDE_SOURCE;
				MTL_FAST_MATH = YES;
				ONLY_ACTIVE_ARCH = YES;
				SDKROOT = iphoneos;
				SWIFT_ACTIVE_COMPILATION_CONDITIONS = DEBUG;
				SWIFT_OPTIMIZATION_LEVEL = "-Onone";
			};
			name = Debug;
		};
		35A4469E23EB4617002FCEDF /* Release */ = {
			isa = XCBuildConfiguration;
			buildSettings = {
				ALWAYS_SEARCH_USER_PATHS = NO;
				CLANG_ANALYZER_NONNULL = YES;
				CLANG_ANALYZER_NUMBER_OBJECT_CONVERSION = YES_AGGRESSIVE;
				CLANG_CXX_LANGUAGE_STANDARD = "gnu++14";
				CLANG_CXX_LIBRARY = "libc++";
				CLANG_ENABLE_MODULES = YES;
				CLANG_ENABLE_OBJC_ARC = YES;
				CLANG_ENABLE_OBJC_WEAK = YES;
				CLANG_WARN_BLOCK_CAPTURE_AUTORELEASING = YES;
				CLANG_WARN_BOOL_CONVERSION = YES;
				CLANG_WARN_COMMA = YES;
				CLANG_WARN_CONSTANT_CONVERSION = YES;
				CLANG_WARN_DEPRECATED_OBJC_IMPLEMENTATIONS = YES;
				CLANG_WARN_DIRECT_OBJC_ISA_USAGE = YES_ERROR;
				CLANG_WARN_DOCUMENTATION_COMMENTS = YES;
				CLANG_WARN_EMPTY_BODY = YES;
				CLANG_WARN_ENUM_CONVERSION = YES;
				CLANG_WARN_INFINITE_RECURSION = YES;
				CLANG_WARN_INT_CONVERSION = YES;
				CLANG_WARN_NON_LITERAL_NULL_CONVERSION = YES;
				CLANG_WARN_OBJC_IMPLICIT_RETAIN_SELF = YES;
				CLANG_WARN_OBJC_LITERAL_CONVERSION = YES;
				CLANG_WARN_OBJC_ROOT_CLASS = YES_ERROR;
				CLANG_WARN_RANGE_LOOP_ANALYSIS = YES;
				CLANG_WARN_STRICT_PROTOTYPES = YES;
				CLANG_WARN_SUSPICIOUS_MOVE = YES;
				CLANG_WARN_UNGUARDED_AVAILABILITY = YES_AGGRESSIVE;
				CLANG_WARN_UNREACHABLE_CODE = YES;
				CLANG_WARN__DUPLICATE_METHOD_MATCH = YES;
				COPY_PHASE_STRIP = NO;
				DEBUG_INFORMATION_FORMAT = "dwarf-with-dsym";
				ENABLE_NS_ASSERTIONS = NO;
				ENABLE_STRICT_OBJC_MSGSEND = YES;
				GCC_C_LANGUAGE_STANDARD = gnu11;
				GCC_NO_COMMON_BLOCKS = YES;
				GCC_WARN_64_TO_32_BIT_CONVERSION = YES;
				GCC_WARN_ABOUT_RETURN_TYPE = YES_ERROR;
				GCC_WARN_UNDECLARED_SELECTOR = YES;
				GCC_WARN_UNINITIALIZED_AUTOS = YES_AGGRESSIVE;
				GCC_WARN_UNUSED_FUNCTION = YES;
				GCC_WARN_UNUSED_VARIABLE = YES;
				IPHONEOS_DEPLOYMENT_TARGET = 13.2;
				MTL_ENABLE_DEBUG_INFO = NO;
				MTL_FAST_MATH = YES;
				SDKROOT = iphoneos;
				SWIFT_COMPILATION_MODE = wholemodule;
				SWIFT_OPTIMIZATION_LEVEL = "-O";
				VALIDATE_PRODUCT = YES;
			};
			name = Release;
		};
		35A446A023EB4617002FCEDF /* Debug */ = {
			isa = XCBuildConfiguration;
			buildSettings = {
				ASSETCATALOG_COMPILER_APPICON_NAME = AppIcon;
				CODE_SIGN_STYLE = Automatic;
				DEVELOPMENT_TEAM = 37SYLUBRJT;
				INFOPLIST_FILE = MasterMind/Info.plist;
				LD_RUNPATH_SEARCH_PATHS = (
					"$(inherited)",
					"@executable_path/Frameworks",
				);
				PRODUCT_BUNDLE_IDENTIFIER = JCTGY.MasterMind;
				PRODUCT_NAME = "$(TARGET_NAME)";
				SWIFT_VERSION = 5.0;
				TARGETED_DEVICE_FAMILY = "1,2";
			};
			name = Debug;
		};
		35A446A123EB4617002FCEDF /* Release */ = {
			isa = XCBuildConfiguration;
			buildSettings = {
				ASSETCATALOG_COMPILER_APPICON_NAME = AppIcon;
				CODE_SIGN_STYLE = Automatic;
				DEVELOPMENT_TEAM = 37SYLUBRJT;
				INFOPLIST_FILE = MasterMind/Info.plist;
				LD_RUNPATH_SEARCH_PATHS = (
					"$(inherited)",
					"@executable_path/Frameworks",
				);
				PRODUCT_BUNDLE_IDENTIFIER = JCTGY.MasterMind;
				PRODUCT_NAME = "$(TARGET_NAME)";
				SWIFT_VERSION = 5.0;
				TARGETED_DEVICE_FAMILY = "1,2";
			};
			name = Release;
		};
/* End XCBuildConfiguration section */

/* Begin XCConfigurationList section */
		355E3C6723EFBAC000EE09D7 /* Build configuration list for PBXNativeTarget "MasterMindTests" */ = {
			isa = XCConfigurationList;
			buildConfigurations = (
				355E3C6823EFBAC000EE09D7 /* Debug */,
				355E3C6923EFBAC000EE09D7 /* Release */,
			);
			defaultConfigurationIsVisible = 0;
			defaultConfigurationName = Release;
		};
		35A4468623EB4617002FCEDF /* Build configuration list for PBXProject "MasterMind" */ = {
			isa = XCConfigurationList;
			buildConfigurations = (
				35A4469D23EB4617002FCEDF /* Debug */,
				35A4469E23EB4617002FCEDF /* Release */,
			);
			defaultConfigurationIsVisible = 0;
			defaultConfigurationName = Release;
		};
		35A4469F23EB4617002FCEDF /* Build configuration list for PBXNativeTarget "MasterMind" */ = {
			isa = XCConfigurationList;
			buildConfigurations = (
				35A446A023EB4617002FCEDF /* Debug */,
				35A446A123EB4617002FCEDF /* Release */,
			);
			defaultConfigurationIsVisible = 0;
			defaultConfigurationName = Release;
		};
/* End XCConfigurationList section */
	};
	rootObject = 35A4468323EB4617002FCEDF /* Project object */;
}
